
Microsoft Visual Studio Solution File, Format Version 12.00
# Visual Studio 15
VisualStudioVersion = 15.0.26228.102
MinimumVisualStudioVersion = 10.0.40219.1
Project("{FAE04EC0-301F-11D3-BF4B-00C04F79EFBC}") = "MeetingManagerAPI", "MeetingManagerAPI\MeetingManagerAPI.csproj", "{F16C8C2B-CF6A-4D7B-9721-F2E3C207194C}"
EndProject
Global
	GlobalSection(SolutionConfigurationPlatforms) = preSolution
		Debug|Any CPU = Debug|Any CPU
		Release|Any CPU = Release|Any CPU
	EndGlobalSection
	GlobalSection(ProjectConfigurationPlatforms) = postSolution
		{F16C8C2B-CF6A-4D7B-9721-F2E3C207194C}.Debug|Any CPU.ActiveCfg = Debug|Any CPU
		{F16C8C2B-CF6A-4D7B-9721-F2E3C207194C}.Debug|Any CPU.Build.0 = Debug|Any CPU
		{F16C8C2B-CF6A-4D7B-9721-F2E3C207194C}.Release|Any CPU.ActiveCfg = Release|Any CPU
		{F16C8C2B-CF6A-4D7B-9721-F2E3C207194C}.Release|Any CPU.Build.0 = Release|Any CPU
	EndGlobalSection
	GlobalSection(SolutionProperties) = preSolution
		HideSolutionNode = FALSE
	EndGlobalSection
EndGlobal
